
Microsoft Visual Studio Solution File, Format Version 12.00
# Visual Studio Version 17
VisualStudioVersion = 17.10.35122.118
MinimumVisualStudioVersion = 10.0.40219.1
Project("{FAE04EC0-301F-11D3-BF4B-00C04F79EFBC}") = "PowerChanger", "PowerChanger\PowerChanger.csproj", "{C6007AD5-96BD-4292-B369-E0B063395653}"
EndProject
Global
	GlobalSection(SolutionConfigurationPlatforms) = preSolution
		Debug|Any CPU = Debug|Any CPU
		Release|Any CPU = Release|Any CPU
	EndGlobalSection
	GlobalSection(ProjectConfigurationPlatforms) = postSolution
		{C6007AD5-96BD-4292-B369-E0B063395653}.Debug|Any CPU.ActiveCfg = Debug|Any CPU
		{C6007AD5-96BD-4292-B369-E0B063395653}.Debug|Any CPU.Build.0 = Debug|Any CPU
		{C6007AD5-96BD-4292-B369-E0B063395653}.Release|Any CPU.ActiveCfg = Release|Any CPU
		{C6007AD5-96BD-4292-B369-E0B063395653}.Release|Any CPU.Build.0 = Release|Any CPU
	EndGlobalSection
	GlobalSection(SolutionProperties) = preSolution
		HideSolutionNode = FALSE
	EndGlobalSection
	GlobalSection(ExtensibilityGlobals) = postSolution
		SolutionGuid = {58E9D11A-31E8-4D9D-852C-6ED68A86CC04}
	EndGlobalSection
EndGlobal
